
Microsoft Visual Studio Solution File, Format Version 12.00
# Visual Studio 15
VisualStudioVersion = 15.0.27130.2020
MinimumVisualStudioVersion = 10.0.40219.1
Project("{FAE04EC0-301F-11D3-BF4B-00C04F79EFBC}") = "WpfApp2", "WpfApp2\WpfApp2.csproj", "{31F543BD-9679-432C-80D4-24BA24ECA216}"
EndProject
Global
	GlobalSection(SolutionConfigurationPlatforms) = preSolution
		Debug|Any CPU = Debug|Any CPU
		Release|Any CPU = Release|Any CPU
	EndGlobalSection
	GlobalSection(ProjectConfigurationPlatforms) = postSolution
		{31F543BD-9679-432C-80D4-24BA24ECA216}.Debug|Any CPU.ActiveCfg = Debug|Any CPU
		{31F543BD-9679-432C-80D4-24BA24ECA216}.Debug|Any CPU.Build.0 = Debug|Any CPU
		{31F543BD-9679-432C-80D4-24BA24ECA216}.Release|Any CPU.ActiveCfg = Release|Any CPU
		{31F543BD-9679-432C-80D4-24BA24ECA216}.Release|Any CPU.Build.0 = Release|Any CPU
	EndGlobalSection
	GlobalSection(SolutionProperties) = preSolution
		HideSolutionNode = FALSE
	EndGlobalSection
	GlobalSection(ExtensibilityGlobals) = postSolution
		SolutionGuid = {C2C1F13E-183E-4F3B-9C6E-F729C6A77FBF}
	EndGlobalSection
EndGlobal
